
Microsoft Visual Studio Solution File, Format Version 12.00
# Visual Studio 15
VisualStudioVersion = 15.0.26730.15
MinimumVisualStudioVersion = 10.0.40219.1
Project("{9A19103F-16F7-4668-BE54-9A1E7A4F7556}") = "IllyCake.Data", "IllyCake.Data\IllyCake.Data.csproj", "{BD2FDD0B-A8D6-42A4-B1D7-5393BC6567F0}"
EndProject
Project("{9A19103F-16F7-4668-BE54-9A1E7A4F7556}") = "IllyCake.Common", "IllyCake.Common\IllyCake.Common.csproj", "{8F4B82C2-E2E0-4B55-BC80-009DE4AFA456}"
EndProject
Project("{9A19103F-16F7-4668-BE54-9A1E7A4F7556}") = "IllyCake.Web", "IllyCake.Web\IllyCake.Web.csproj", "{1EAB4CAB-8F77-4AA8-92C4-3CAB0FDED79B}"
EndProject
Global
	GlobalSection(SolutionConfigurationPlatforms) = preSolution
		Debug|Any CPU = Debug|Any CPU
		Release|Any CPU = Release|Any CPU
	EndGlobalSection
	GlobalSection(ProjectConfigurationPlatforms) = postSolution
		{BD2FDD0B-A8D6-42A4-B1D7-5393BC6567F0}.Debug|Any CPU.ActiveCfg = Debug|Any CPU
		{BD2FDD0B-A8D6-42A4-B1D7-5393BC6567F0}.Debug|Any CPU.Build.0 = Debug|Any CPU
		{BD2FDD0B-A8D6-42A4-B1D7-5393BC6567F0}.Release|Any CPU.ActiveCfg = Release|Any CPU
		{BD2FDD0B-A8D6-42A4-B1D7-5393BC6567F0}.Release|Any CPU.Build.0 = Release|Any CPU
		{8F4B82C2-E2E0-4B55-BC80-009DE4AFA456}.Debug|Any CPU.ActiveCfg = Debug|Any CPU
		{8F4B82C2-E2E0-4B55-BC80-009DE4AFA456}.Debug|Any CPU.Build.0 = Debug|Any CPU
		{8F4B82C2-E2E0-4B55-BC80-009DE4AFA456}.Release|Any CPU.ActiveCfg = Release|Any CPU
		{8F4B82C2-E2E0-4B55-BC80-009DE4AFA456}.Release|Any CPU.Build.0 = Release|Any CPU
		{1EAB4CAB-8F77-4AA8-92C4-3CAB0FDED79B}.Debug|Any CPU.ActiveCfg = Debug|Any CPU
		{1EAB4CAB-8F77-4AA8-92C4-3CAB0FDED79B}.Debug|Any CPU.Build.0 = Debug|Any CPU
		{1EAB4CAB-8F77-4AA8-92C4-3CAB0FDED79B}.Release|Any CPU.ActiveCfg = Release|Any CPU
		{1EAB4CAB-8F77-4AA8-92C4-3CAB0FDED79B}.Release|Any CPU.Build.0 = Release|Any CPU
	EndGlobalSection
	GlobalSection(SolutionProperties) = preSolution
		HideSolutionNode = FALSE
	EndGlobalSection
	GlobalSection(ExtensibilityGlobals) = postSolution
		SolutionGuid = {69C9B9D7-47EB-4CB3-9BF3-3F77546F3E13}
	EndGlobalSection
EndGlobal
